
Microsoft Visual Studio Solution File, Format Version 12.00
# Visual Studio 2013
VisualStudioVersion = 12.0.30723.0
MinimumVisualStudioVersion = 10.0.40219.1
Project("{FAE04EC0-301F-11D3-BF4B-00C04F79EFBC}") = "CsvDisposer", "CsvDisposer\CsvDisposer.csproj", "{D5F47D5E-8198-43AF-8930-F5E8BC9D37A6}"
EndProject
Project("{FAE04EC0-301F-11D3-BF4B-00C04F79EFBC}") = "Test", "Test\Test.csproj", "{4DDC8B18-22D4-4FAB-B61B-F0122D019459}"
EndProject
Project("{FAE04EC0-301F-11D3-BF4B-00C04F79EFBC}") = "CsvHelper35", "D:\download\CsvHelper-master\CsvHelper-master\src\CsvHelper35\CsvHelper35.csproj", "{82541DA4-EE4A-4078-BF05-63B48A8AA51E}"
EndProject
Global
	GlobalSection(SolutionConfigurationPlatforms) = preSolution
		Debug|Any CPU = Debug|Any CPU
		Release|Any CPU = Release|Any CPU
	EndGlobalSection
	GlobalSection(ProjectConfigurationPlatforms) = postSolution
		{D5F47D5E-8198-43AF-8930-F5E8BC9D37A6}.Debug|Any CPU.ActiveCfg = Debug|Any CPU
		{D5F47D5E-8198-43AF-8930-F5E8BC9D37A6}.Debug|Any CPU.Build.0 = Debug|Any CPU
		{D5F47D5E-8198-43AF-8930-F5E8BC9D37A6}.Release|Any CPU.ActiveCfg = Release|Any CPU
		{D5F47D5E-8198-43AF-8930-F5E8BC9D37A6}.Release|Any CPU.Build.0 = Release|Any CPU
		{4DDC8B18-22D4-4FAB-B61B-F0122D019459}.Debug|Any CPU.ActiveCfg = Debug|Any CPU
		{4DDC8B18-22D4-4FAB-B61B-F0122D019459}.Debug|Any CPU.Build.0 = Debug|Any CPU
		{4DDC8B18-22D4-4FAB-B61B-F0122D019459}.Release|Any CPU.ActiveCfg = Release|Any CPU
		{4DDC8B18-22D4-4FAB-B61B-F0122D019459}.Release|Any CPU.Build.0 = Release|Any CPU
		{82541DA4-EE4A-4078-BF05-63B48A8AA51E}.Debug|Any CPU.ActiveCfg = Debug|Any CPU
		{82541DA4-EE4A-4078-BF05-63B48A8AA51E}.Debug|Any CPU.Build.0 = Debug|Any CPU
		{82541DA4-EE4A-4078-BF05-63B48A8AA51E}.Release|Any CPU.ActiveCfg = Release|Any CPU
		{82541DA4-EE4A-4078-BF05-63B48A8AA51E}.Release|Any CPU.Build.0 = Release|Any CPU
	EndGlobalSection
	GlobalSection(SolutionProperties) = preSolution
		HideSolutionNode = FALSE
	EndGlobalSection
EndGlobal
